
Microsoft Visual Studio Solution File, Format Version 12.00
# Visual Studio Version 17
VisualStudioVersion = 17.1.32127.271
MinimumVisualStudioVersion = 10.0.40219.1
Project("{8BC9CEB8-8B4A-11D0-8D11-00A0C91BC942}") = "C++Practice0205", "C++Practice0205\C++Practice0205.vcxproj", "{94B48208-C502-4CE5-8861-0302C2E21035}"
EndProject
Global
	GlobalSection(SolutionConfigurationPlatforms) = preSolution
		Debug|x64 = Debug|x64
		Debug|x86 = Debug|x86
		Release|x64 = Release|x64
		Release|x86 = Release|x86
	EndGlobalSection
	GlobalSection(ProjectConfigurationPlatforms) = postSolution
		{94B48208-C502-4CE5-8861-0302C2E21035}.Debug|x64.ActiveCfg = Debug|x64
		{94B48208-C502-4CE5-8861-0302C2E21035}.Debug|x64.Build.0 = Debug|x64
		{94B48208-C502-4CE5-8861-0302C2E21035}.Debug|x86.ActiveCfg = Debug|Win32
		{94B48208-C502-4CE5-8861-0302C2E21035}.Debug|x86.Build.0 = Debug|Win32
		{94B48208-C502-4CE5-8861-0302C2E21035}.Release|x64.ActiveCfg = Release|x64
		{94B48208-C502-4CE5-8861-0302C2E21035}.Release|x64.Build.0 = Release|x64
		{94B48208-C502-4CE5-8861-0302C2E21035}.Release|x86.ActiveCfg = Release|Win32
		{94B48208-C502-4CE5-8861-0302C2E21035}.Release|x86.Build.0 = Release|Win32
	EndGlobalSection
	GlobalSection(SolutionProperties) = preSolution
		HideSolutionNode = FALSE
	EndGlobalSection
	GlobalSection(ExtensibilityGlobals) = postSolution
		SolutionGuid = {7E5E0BB2-C188-4693-BD23-4F67BBF9E976}
	EndGlobalSection
EndGlobal
